
Microsoft Visual Studio Solution File, Format Version 12.00
# Visual Studio Version 17
VisualStudioVersion = 17.11.35312.102
MinimumVisualStudioVersion = 10.0.40219.1
Project("{FAE04EC0-301F-11D3-BF4B-00C04F79EFBC}") = "PMQuanLyHangTonKho", "PMQuanLyHangTonKho\PMQuanLyHangTonKho.csproj", "{EA9D425D-AC5C-4A10-8E21-52498D903067}"
EndProject
Global
	GlobalSection(SolutionConfigurationPlatforms) = preSolution
		Debug|Any CPU = Debug|Any CPU
		Release|Any CPU = Release|Any CPU
	EndGlobalSection
	GlobalSection(ProjectConfigurationPlatforms) = postSolution
		{EA9D425D-AC5C-4A10-8E21-52498D903067}.Debug|Any CPU.ActiveCfg = Debug|Any CPU
		{EA9D425D-AC5C-4A10-8E21-52498D903067}.Debug|Any CPU.Build.0 = Debug|Any CPU
		{EA9D425D-AC5C-4A10-8E21-52498D903067}.Release|Any CPU.ActiveCfg = Release|Any CPU
		{EA9D425D-AC5C-4A10-8E21-52498D903067}.Release|Any CPU.Build.0 = Release|Any CPU
	EndGlobalSection
	GlobalSection(SolutionProperties) = preSolution
		HideSolutionNode = FALSE
	EndGlobalSection
	GlobalSection(ExtensibilityGlobals) = postSolution
		SolutionGuid = {8B1D8C71-D699-4937-8C0D-9C63B47CBA91}
	EndGlobalSection
EndGlobal
